Microsoft Visual Studio Solution File, Format Version 12.00
# Visual Studio Version 17
VisualStudioVersion = 17.5.2.0
MinimumVisualStudioVersion = 10.0.40219.1
Project("{FAE04EC0-301F-11D3-BF4B-00C04F79EFBC}") = "YakitTuketimTahmin", "YakitTuketimTahmin.csproj", "{B3750EFB-6AE1-78B7-E838-1E82AA81D84A}"
EndProject
Global
	GlobalSection(SolutionConfigurationPlatforms) = preSolution
		Debug|Any CPU = Debug|Any CPU
		Release|Any CPU = Release|Any CPU
	EndGlobalSection
	GlobalSection(ProjectConfigurationPlatforms) = postSolution
		{B3750EFB-6AE1-78B7-E838-1E82AA81D84A}.Debug|Any CPU.ActiveCfg = Debug|Any CPU
		{B3750EFB-6AE1-78B7-E838-1E82AA81D84A}.Debug|Any CPU.Build.0 = Debug|Any CPU
		{B3750EFB-6AE1-78B7-E838-1E82AA81D84A}.Release|Any CPU.ActiveCfg = Release|Any CPU
		{B3750EFB-6AE1-78B7-E838-1E82AA81D84A}.Release|Any CPU.Build.0 = Release|Any CPU
	EndGlobalSection
	GlobalSection(SolutionProperties) = preSolution
		HideSolutionNode = FALSE
	EndGlobalSection
	GlobalSection(ExtensibilityGlobals) = postSolution
		SolutionGuid = {A1B4B694-94F0-491E-84C1-99324F08464D}
	EndGlobalSection
EndGlobal
